// !$*UTF8*$!
{
	archiveVersion = 1;
	classes = {
	};
	objectVersion = 42;
	objects = {

/* Begin PBXBuildFile section */
		4DDCA7060ACC9A6100E082CE /* MainMenu.nib in Resources */ = {isa = PBXBuildFile; fileRef = 29B97318FDCFA39411CA2CEA /* MainMenu.nib */; };
		4DDCA7070ACC9A6100E082CE /* InfoPlist.strings in Resources */ = {isa = PBXBuildFile; fileRef = 089C165CFE840E0CC02AAC07 /* InfoPlist.strings */; };
		4DDCA7080ACC9A6100E082CE /* rb_main.rb in Resources */ = {isa = PBXBuildFile; fileRef = E8F5E25803AEB7C803A81C6F /* rb_main.rb */; };
		4DDCA70A0ACC9A6100E082CE /* main.m in Sources */ = {isa = PBXBuildFile; fileRef = 29B97316FDCFA39411CA2CEA /* main.m */; settings = {ATTRIBUTES = (); }; };
		4DDCA70C0ACC9A6100E082CE /* Cocoa.framework in Frameworks */ = {isa = PBXBuildFile; fileRef = 1058C7A1FEA54F0111CA2CBB /* Cocoa.framework */; };
		B60E5A4B0E8F5EA2008ECBE0 /* MyBarcodeScanner.h in Headers */ = {isa = PBXBuildFile; fileRef = B60E5A450E8F5EA2008ECBE0 /* MyBarcodeScanner.h */; };
		B60E5A4C0E8F5EA2008ECBE0 /* MyBarcodeScanner.m in Sources */ = {isa = PBXBuildFile; fileRef = B60E5A460E8F5EA2008ECBE0 /* MyBarcodeScanner.m */; };
		B60E5A4D0E8F5EA2008ECBE0 /* MyGraphView.h in Headers */ = {isa = PBXBuildFile; fileRef = B60E5A470E8F5EA2008ECBE0 /* MyGraphView.h */; };
		B60E5A4E0E8F5EA2008ECBE0 /* MyGraphView.m in Sources */ = {isa = PBXBuildFile; fileRef = B60E5A480E8F5EA2008ECBE0 /* MyGraphView.m */; };
		B60E5A4F0E8F5EA2008ECBE0 /* MyiSightWindow.h in Headers */ = {isa = PBXBuildFile; fileRef = B60E5A490E8F5EA2008ECBE0 /* MyiSightWindow.h */; };
		B60E5A500E8F5EA2008ECBE0 /* MyiSightWindow.m in Sources */ = {isa = PBXBuildFile; fileRef = B60E5A4A0E8F5EA2008ECBE0 /* MyiSightWindow.m */; };
		B60E5A5B0E8F6090008ECBE0 /* QuickTime.framework in Frameworks */ = {isa = PBXBuildFile; fileRef = B60E5A5A0E8F6090008ECBE0 /* QuickTime.framework */; };
		B60E5A610E8F628B008ECBE0 /* Carbon.framework in Frameworks */ = {isa = PBXBuildFile; fileRef = B60E5A600E8F628B008ECBE0 /* Carbon.framework */; };
		B60E5AB40E8F8D4D008ECBE0 /* isbn_conv.rb in Resources */ = {isa = PBXBuildFile; fileRef = B60E5AB30E8F8D4D008ECBE0 /* isbn_conv.rb */; };
		B60E5BF00E8FDB58008ECBE0 /* WebKit.framework in Frameworks */ = {isa = PBXBuildFile; fileRef = B60E5BEF0E8FDB58008ECBE0 /* WebKit.framework */; };
		B635D46C0E8E846500828EDB /* AppController.rb in Resources */ = {isa = PBXBuildFile; fileRef = B635D46B0E8E846500828EDB /* AppController.rb */; };
		B635D4710E8E8B6500828EDB /* RubyCocoa.framework in Frameworks */ = {isa = PBXBuildFile; fileRef = B635D4700E8E8B6500828EDB /* RubyCocoa.framework */; };
		B6ACB8BD0E97BCE400C45F24 /* Preferences.nib in Resources */ = {isa = PBXBuildFile; fileRef = B6ACB8BB0E97BCE400C45F24 /* Preferences.nib */; };
		B6ACB8C00E97BDAF00C45F24 /* PreferenceController.rb in Resources */ = {isa = PBXBuildFile; fileRef = B6ACB8BF0E97BDAF00C45F24 /* PreferenceController.rb */; };
/* End PBXBuildFile section */

/* Begin PBXFileReference section */
		089C165DFE840E0CC02AAC07 /* English */ = {isa = PBXFileReference; fileEncoding = 10; lastKnownFileType = text.plist.strings; name = English; path = English.lproj/InfoPlist.strings; sourceTree = "<group>"; };
		1058C7A1FEA54F0111CA2CBB /* Cocoa.framework */ = {isa = PBXFileReference; lastKnownFileType = wrapper.framework; name = Cocoa.framework; path = /System/Library/Frameworks/Cocoa.framework; sourceTree = "<absolute>"; };
		29B97316FDCFA39411CA2CEA /* main.m */ = {isa = PBXFileReference; fileEncoding = 30; lastKnownFileType = sourcecode.c.objc; path = main.m; sourceTree = "<group>"; };
		29B97319FDCFA39411CA2CEA /* English */ = {isa = PBXFileReference; lastKnownFileType = wrapper.nib; name = English; path = English.lproj/MainMenu.nib; sourceTree = "<group>"; };
		29B97324FDCFA39411CA2CEA /* AppKit.framework */ = {isa = PBXFileReference; lastKnownFileType = wrapper.framework; name = AppKit.framework; path = /System/Library/Frameworks/AppKit.framework; sourceTree = "<absolute>"; };
		29B97325FDCFA39411CA2CEA /* Foundation.framework */ = {isa = PBXFileReference; lastKnownFileType = wrapper.framework; name = Foundation.framework; path = /System/Library/Frameworks/Foundation.framework; sourceTree = "<absolute>"; };
		4DDCA7110ACC9A6100E082CE /* Info.plist */ = {isa = PBXFileReference; lastKnownFileType = text.xml; path = Info.plist; sourceTree = "<group>"; };
		4DDCA7120ACC9A6100E082CE /* iStac.app */ = {isa = PBXFileReference; explicitFileType = wrapper.application; includeInIndex = 0; path = iStac.app; sourceTree = BUILT_PRODUCTS_DIR; };
		B60E5A450E8F5EA2008ECBE0 /* MyBarcodeScanner.h */ = {isa = PBXFileReference; fileEncoding = 4; lastKnownFileType = sourcecode.c.h; path = MyBarcodeScanner.h; sourceTree = "<group>"; };
		B60E5A460E8F5EA2008ECBE0 /* MyBarcodeScanner.m */ = {isa = PBXFileReference; fileEncoding = 4; lastKnownFileType = sourcecode.c.objc; path = MyBarcodeScanner.m; sourceTree = "<group>"; };
		B60E5A470E8F5EA2008ECBE0 /* MyGraphView.h */ = {isa = PBXFileReference; fileEncoding = 4; lastKnownFileType = sourcecode.c.h; path = MyGraphView.h; sourceTree = "<group>"; };
		B60E5A480E8F5EA2008ECBE0 /* MyGraphView.m */ = {isa = PBXFileReference; fileEncoding = 4; lastKnownFileType = sourcecode.c.objc; path = MyGraphView.m; sourceTree = "<group>"; };
		B60E5A490E8F5EA2008ECBE0 /* MyiSightWindow.h */ = {isa = PBXFileReference; fileEncoding = 4; lastKnownFileType = sourcecode.c.h; path = MyiSightWindow.h; sourceTree = "<group>"; };
		B60E5A4A0E8F5EA2008ECBE0 /* MyiSightWindow.m */ = {isa = PBXFileReference; fileEncoding = 4; lastKnownFileType = sourcecode.c.objc; path = MyiSightWindow.m; sourceTree = "<group>"; };
		B60E5A5A0E8F6090008ECBE0 /* QuickTime.framework */ = {isa = PBXFileReference; lastKnownFileType = wrapper.framework; name = QuickTime.framework; path = /System/Library/Frameworks/QuickTime.framework; sourceTree = "<absolute>"; };
		B60E5A600E8F628B008ECBE0 /* Carbon.framework */ = {isa = PBXFileReference; lastKnownFileType = wrapper.framework; name = Carbon.framework; path = /System/Library/Frameworks/Carbon.framework; sourceTree = "<absolute>"; };
		B60E5AB30E8F8D4D008ECBE0 /* isbn_conv.rb */ = {isa = PBXFileReference; fileEncoding = 4; lastKnownFileType = text.script.ruby; path = isbn_conv.rb; sourceTree = "<group>"; };
		B60E5BEF0E8FDB58008ECBE0 /* WebKit.framework */ = {isa = PBXFileReference; lastKnownFileType = wrapper.framework; name = WebKit.framework; path = /System/Library/Frameworks/WebKit.framework; sourceTree = "<absolute>"; };
		B635D46B0E8E846500828EDB /* AppController.rb */ = {isa = PBXFileReference; fileEncoding = 4; lastKnownFileType = text.script.ruby; path = AppController.rb; sourceTree = "<group>"; };
		B635D4700E8E8B6500828EDB /* RubyCocoa.framework */ = {isa = PBXFileReference; explicitFileType = wrapper.framework; name = RubyCocoa.framework; path = ../../../../../Library/Frameworks/RubyCocoa.framework; sourceTree = "<group>"; };
		B69AFAE20E9885080076F279 /* Japanese */ = {isa = PBXFileReference; lastKnownFileType = wrapper.nib; name = Japanese; path = Japanese.lproj/MainMenu.nib; sourceTree = "<group>"; };
		B69AFAF10E988A950076F279 /* Japanese */ = {isa = PBXFileReference; lastKnownFileType = text.plist.strings; name = Japanese; path = Japanese.lproj/InfoPlist.strings; sourceTree = "<group>"; };
		B6AAC63B0E988F5F00A0791D /* Japanese */ = {isa = PBXFileReference; lastKnownFileType = wrapper.nib; name = Japanese; path = Japanese.lproj/Preferences.nib; sourceTree = "<group>"; };
		B6ACB8BC0E97BCE400C45F24 /* English */ = {isa = PBXFileReference; lastKnownFileType = wrapper.nib; name = English; path = English.lproj/Preferences.nib; sourceTree = "<group>"; };
		B6ACB8BF0E97BDAF00C45F24 /* PreferenceController.rb */ = {isa = PBXFileReference; fileEncoding = 4; lastKnownFileType = text.script.ruby; path = PreferenceController.rb; sourceTree = "<group>"; };
		E8F5E25803AEB7C803A81C6F /* rb_main.rb */ = {isa = PBXFileReference; lastKnownFileType = text.script.ruby; path = rb_main.rb; sourceTree = "<group>"; };
/* End PBXFileReference section */

/* Begin PBXFrameworksBuildPhase section */
		4DDCA70B0ACC9A6100E082CE /* Frameworks */ = {
			isa = PBXFrameworksBuildPhase;
			buildActionMask = 2147483647;
			files = (
				4DDCA70C0ACC9A6100E082CE /* Cocoa.framework in Frameworks */,
				B635D4710E8E8B6500828EDB /* RubyCocoa.framework in Frameworks */,
				B60E5A5B0E8F6090008ECBE0 /* QuickTime.framework in Frameworks */,
				B60E5A610E8F628B008ECBE0 /* Carbon.framework in Frameworks */,
				B60E5BF00E8FDB58008ECBE0 /* WebKit.framework in Frameworks */,
			);
			runOnlyForDeploymentPostprocessing = 0;
		};
/* End PBXFrameworksBuildPhase section */

/* Begin PBXGroup section */
		080E96DDFE201D6D7F000001 /* Classes */ = {
			isa = PBXGroup;
			children = (
				B60E5A440E8F5EA2008ECBE0 /* Barcode Scanner Classes */,
				B635D46B0E8E846500828EDB /* AppController.rb */,
				B6ACB8BF0E97BDAF00C45F24 /* PreferenceController.rb */,
			);
			name = Classes;
			sourceTree = "<group>";
		};
		1058C7A0FEA54F0111CA2CBB /* Linked Frameworks */ = {
			isa = PBXGroup;
			children = (
				1058C7A1FEA54F0111CA2CBB /* Cocoa.framework */,
			);
			name = "Linked Frameworks";
			sourceTree = "<group>";
		};
		1058C7A2FEA54F0111CA2CBB /* Other Frameworks */ = {
			isa = PBXGroup;
			children = (
				29B97325FDCFA39411CA2CEA /* Foundation.framework */,
				B60E5A600E8F628B008ECBE0 /* Carbon.framework */,
				B60E5BEF0E8FDB58008ECBE0 /* WebKit.framework */,
				29B97324FDCFA39411CA2CEA /* AppKit.framework */,
			);
			name = "Other Frameworks";
			sourceTree = "<group>";
		};
		19C28FACFE9D520D11CA2CBB /* Products */ = {
			isa = PBXGroup;
			children = (
				4DDCA7120ACC9A6100E082CE /* iStac.app */,
			);
			name = Products;
			sourceTree = "<group>";
		};
		29B97314FDCFA39411CA2CEA /* SimpleSSBClient */ = {
			isa = PBXGroup;
			children = (
				080E96DDFE201D6D7F000001 /* Classes */,
				29B97315FDCFA39411CA2CEA /* Other Sources */,
				29B97317FDCFA39411CA2CEA /* Resources */,
				29B97323FDCFA39411CA2CEA /* Frameworks */,
				19C28FACFE9D520D11CA2CBB /* Products */,
				4DDCA7110ACC9A6100E082CE /* Info.plist */,
			);
			name = SimpleSSBClient;
			sourceTree = "<group>";
		};
		29B97315FDCFA39411CA2CEA /* Other Sources */ = {
			isa = PBXGroup;
			children = (
				29B97316FDCFA39411CA2CEA /* main.m */,
				E8F5E25803AEB7C803A81C6F /* rb_main.rb */,
				B60E5AB30E8F8D4D008ECBE0 /* isbn_conv.rb */,
			);
			name = "Other Sources";
			sourceTree = "<group>";
		};
		29B97317FDCFA39411CA2CEA /* Resources */ = {
			isa = PBXGroup;
			children = (
				29B97318FDCFA39411CA2CEA /* MainMenu.nib */,
				089C165CFE840E0CC02AAC07 /* InfoPlist.strings */,
				B6ACB8BB0E97BCE400C45F24 /* Preferences.nib */,
			);
			name = Resources;
			sourceTree = "<group>";
		};
		29B97323FDCFA39411CA2CEA /* Frameworks */ = {
			isa = PBXGroup;
			children = (
				B60E5A5A0E8F6090008ECBE0 /* QuickTime.framework */,
				B635D4700E8E8B6500828EDB /* RubyCocoa.framework */,
				1058C7A0FEA54F0111CA2CBB /* Linked Frameworks */,
				1058C7A2FEA54F0111CA2CBB /* Other Frameworks */,
			);
			name = Frameworks;
			sourceTree = "<group>";
		};
		B60E5A440E8F5EA2008ECBE0 /* Barcode Scanner Classes */ = {
			isa = PBXGroup;
			children = (
				B60E5A450E8F5EA2008ECBE0 /* MyBarcodeScanner.h */,
				B60E5A460E8F5EA2008ECBE0 /* MyBarcodeScanner.m */,
				B60E5A470E8F5EA2008ECBE0 /* MyGraphView.h */,
				B60E5A480E8F5EA2008ECBE0 /* MyGraphView.m */,
				B60E5A490E8F5EA2008ECBE0 /* MyiSightWindow.h */,
				B60E5A4A0E8F5EA2008ECBE0 /* MyiSightWindow.m */,
			);
			path = "Barcode Scanner Classes";
			sourceTree = "<group>";
		};
/* End PBXGroup section */

/* Begin PBXHeadersBuildPhase section */
		4DDCA7040ACC9A6100E082CE /* Headers */ = {
			isa = PBXHeadersBuildPhase;
			buildActionMask = 2147483647;
			files = (
				B60E5A4B0E8F5EA2008ECBE0 /* MyBarcodeScanner.h in Headers */,
				B60E5A4D0E8F5EA2008ECBE0 /* MyGraphView.h in Headers */,
				B60E5A4F0E8F5EA2008ECBE0 /* MyiSightWindow.h in Headers */,
			);
			runOnlyForDeploymentPostprocessing = 0;
		};
/* End PBXHeadersBuildPhase section */

/* Begin PBXNativeTarget section */
		4DDCA7030ACC9A6100E082CE /* iStac */ = {
			isa = PBXNativeTarget;
			buildConfigurationList = 4DDCA70E0ACC9A6100E082CE /* Build configuration list for PBXNativeTarget "iStac" */;
			buildPhases = (
				4DDCA7040ACC9A6100E082CE /* Headers */,
				4DDCA7050ACC9A6100E082CE /* Resources */,
				4DDCA7090ACC9A6100E082CE /* Sources */,
				4DDCA70B0ACC9A6100E082CE /* Frameworks */,
			);
			buildRules = (
			);
			dependencies = (
			);
			name = iStac;
			productInstallPath = "$(HOME)/Applications";
			productName = SimpleSSBClient;
			productReference = 4DDCA7120ACC9A6100E082CE /* iStac.app */;
			productType = "com.apple.product-type.application";
		};
/* End PBXNativeTarget section */

/* Begin PBXProject section */
		29B97313FDCFA39411CA2CEA /* Project object */ = {
			isa = PBXProject;
			buildConfigurationList = 4D7A7B570ABF745500C2D4C0 /* Build configuration list for PBXProject "istac" */;
			compatibilityVersion = "Xcode 2.4";
			hasScannedForEncodings = 0;
			mainGroup = 29B97314FDCFA39411CA2CEA /* SimpleSSBClient */;
			projectDirPath = "";
			projectRoot = "";
			targets = (
				4DDCA7030ACC9A6100E082CE /* iStac */,
			);
		};
/* End PBXProject section */

/* Begin PBXResourcesBuildPhase section */
		4DDCA7050ACC9A6100E082CE /* Resources */ = {
			isa = PBXResourcesBuildPhase;
			buildActionMask = 2147483647;
			files = (
				4DDCA7060ACC9A6100E082CE /* MainMenu.nib in Resources */,
				4DDCA7070ACC9A6100E082CE /* InfoPlist.strings in Resources */,
				4DDCA7080ACC9A6100E082CE /* rb_main.rb in Resources */,
				B635D46C0E8E846500828EDB /* AppController.rb in Resources */,
				B60E5AB40E8F8D4D008ECBE0 /* isbn_conv.rb in Resources */,
				B6ACB8BD0E97BCE400C45F24 /* Preferences.nib in Resources */,
				B6ACB8C00E97BDAF00C45F24 /* PreferenceController.rb in Resources */,
			);
			runOnlyForDeploymentPostprocessing = 0;
		};
/* End PBXResourcesBuildPhase section */

/* Begin PBXSourcesBuildPhase section */
		4DDCA7090ACC9A6100E082CE /* Sources */ = {
			isa = PBXSourcesBuildPhase;
			buildActionMask = 2147483647;
			files = (
				4DDCA70A0ACC9A6100E082CE /* main.m in Sources */,
				B60E5A4C0E8F5EA2008ECBE0 /* MyBarcodeScanner.m in Sources */,
				B60E5A4E0E8F5EA2008ECBE0 /* MyGraphView.m in Sources */,
				B60E5A500E8F5EA2008ECBE0 /* MyiSightWindow.m in Sources */,
			);
			runOnlyForDeploymentPostprocessing = 0;
		};
/* End PBXSourcesBuildPhase section */

/* Begin PBXVariantGroup section */
		089C165CFE840E0CC02AAC07 /* InfoPlist.strings */ = {
			isa = PBXVariantGroup;
			children = (
				089C165DFE840E0CC02AAC07 /* English */,
				B69AFAF10E988A950076F279 /* Japanese */,
			);
			name = InfoPlist.strings;
			sourceTree = "<group>";
		};
		29B97318FDCFA39411CA2CEA /* MainMenu.nib */ = {
			isa = PBXVariantGroup;
			children = (
				29B97319FDCFA39411CA2CEA /* English */,
				B69AFAE20E9885080076F279 /* Japanese */,
			);
			name = MainMenu.nib;
			sourceTree = "<group>";
		};
		B6ACB8BB0E97BCE400C45F24 /* Preferences.nib */ = {
			isa = PBXVariantGroup;
			children = (
				B6ACB8BC0E97BCE400C45F24 /* English */,
				B6AAC63B0E988F5F00A0791D /* Japanese */,
			);
			name = Preferences.nib;
			sourceTree = "<group>";
		};
/* End PBXVariantGroup section */

/* Begin XCBuildConfiguration section */
		4D7A7B580ABF745500C2D4C0 /* Debug */ = {
			isa = XCBuildConfiguration;
			buildSettings = {
				ARCHS = i386;
				GCC_WARN_ABOUT_RETURN_TYPE = YES;
				GCC_WARN_UNUSED_VARIABLE = YES;
				PREBINDING = NO;
			};
			name = Debug;
		};
		4D7A7B590ABF745500C2D4C0 /* Release */ = {
			isa = XCBuildConfiguration;
			buildSettings = {
				ARCHS = i386;
				GCC_WARN_ABOUT_RETURN_TYPE = YES;
				GCC_WARN_UNUSED_VARIABLE = YES;
				PREBINDING = NO;
			};
			name = Release;
		};
		4DDCA70F0ACC9A6100E082CE /* Debug */ = {
			isa = XCBuildConfiguration;
			buildSettings = {
				COPY_PHASE_STRIP = NO;
				GCC_DYNAMIC_NO_PIC = NO;
				GCC_ENABLE_FIX_AND_CONTINUE = YES;
				GCC_MODEL_TUNING = G5;
				GCC_OPTIMIZATION_LEVEL = 0;
				INFOPLIST_FILE = Info.plist;
				INSTALL_PATH = "$(HOME)/Applications";
				PRODUCT_NAME = iStac;
				WRAPPER_EXTENSION = app;
				ZERO_LINK = YES;
			};
			name = Debug;
		};
		4DDCA7100ACC9A6100E082CE /* Release */ = {
			isa = XCBuildConfiguration;
			buildSettings = {
				GCC_GENERATE_DEBUGGING_SYMBOLS = NO;
				GCC_MODEL_TUNING = G5;
				INFOPLIST_FILE = Info.plist;
				INSTALL_PATH = "$(HOME)/Applications";
				PRODUCT_NAME = iStac;
				WRAPPER_EXTENSION = app;
				ZERO_LINK = NO;
			};
			name = Release;
		};
/* End XCBuildConfiguration section */

/* Begin XCConfigurationList section */
		4D7A7B570ABF745500C2D4C0 /* Build configuration list for PBXProject "istac" */ = {
			isa = XCConfigurationList;
			buildConfigurations = (
				4D7A7B580ABF745500C2D4C0 /* Debug */,
				4D7A7B590ABF745500C2D4C0 /* Release */,
			);
			defaultConfigurationIsVisible = 0;
			defaultConfigurationName = Release;
		};
		4DDCA70E0ACC9A6100E082CE /* Build configuration list for PBXNativeTarget "iStac" */ = {
			isa = XCConfigurationList;
			buildConfigurations = (
				4DDCA70F0ACC9A6100E082CE /* Debug */,
				4DDCA7100ACC9A6100E082CE /* Release */,
			);
			defaultConfigurationIsVisible = 0;
			defaultConfigurationName = Release;
		};
/* End XCConfigurationList section */
	};
	rootObject = 29B97313FDCFA39411CA2CEA /* Project object */;
}
